{
  "object": {
    "pins": [
      {
        "package": "async-http-client",
        "repositoryURL": "https://github.com/swift-server/async-http-client.git",
        "state": {
          "branch": null,
          "revision": "e6f61b403727ec124214beb3e57deff579f31d00",
          "version": "2.0.4"
        }
      },
      {
        "package": "Console",
        "repositoryURL": "https://github.com/vapor/console.git",
        "state": {
          "branch": null,
          "revision": "74cfbea629d4aac34a97cead2447a6870af1950b",
          "version": "3.1.1"
        }
      },
      {
        "package": "Core",
        "repositoryURL": "https://github.com/vapor/core.git",
        "state": {
          "branch": null,
          "revision": "1782c550512dc5a43d0bca405e28fc386d932bbf",
          "version": "3.10.0"
          "revision": "037b70291941fe43de668066eb6fb802c5e181d2",
          "version": "1.1.1"
        }
      },
      {
        "package": "async-kit",
        "repositoryURL": "https://github.com/vapor/async-kit.git",
        "state": {
          "branch": null,
          "revision": "df8eb7d8ae51787b3a0628aa3975e67666da936c",
          "version": "3.3.3"
          "revision": "48a719dec79ea3cbbc71ca9b29f69df7cd5794cd",
          "version": "1.0.1"
        }
      },
      {
        "package": "console-kit",
        "repositoryURL": "https://github.com/vapor/console-kit.git",
        "state": {
          "branch": null,
          "revision": "7a97a5ea7fefe61cf2c943242113125b0f396a98",
          "version": "4.1.0"
        }
      },
      {
        "package": "fluent",
        "repositoryURL": "https://github.com/vapor/fluent.git",
        "state": {
          "branch": null,
          "revision": "783819d8838d15e1a05b459aa0fd1bde1e37ac26",
          "version": "3.2.1"
          "revision": "4401a7ecceabc23052ed4255c2b1d68dc20e71fb",
          "version": "4.0.0-rc.2"
        }
      },
      {
        "package": "fluent-kit",
        "repositoryURL": "https://github.com/vapor/fluent-kit.git",
        "state": {
          "branch": null,
          "revision": "6e1fd8560bdc401ba81438090997fd15abbc904b",
          "version": "1.0.0-rc.1.20"
        }
      },
      {
        "package": "fluent-mysql-driver",
        "repositoryURL": "https://github.com/vapor/fluent-mysql-driver.git",
        "state": {
          "branch": null,
          "revision": "fba1329cd430e2f9a3f995b317b04f268d8b2978",
          "version": "3.3.2"
          "revision": "2505b20d5ddaaff201838809803ff61956463824",
          "version": "4.0.0-rc.1.1"
        }
      },
      {
        "package": "mysql-kit",
        "repositoryURL": "https://github.com/vapor/mysql-kit.git",
        "state": {
          "branch": null,
          "revision": "a7e0db512ff7eee7cd91d0a69dfeeec36f74d604",
          "version": "3.1.2"
          "revision": "9b3fbb2fa0e9aff940eb729695ce562ac2b07a1d",
          "version": "4.0.0-rc.1.4"
        }
      },
      {
        "package": "mysql-nio",
        "repositoryURL": "https://github.com/vapor/mysql-nio.git",
        "state": {
          "branch": null,
          "revision": "d76f339c9716785e5079af9d7075d28ff7da3d92",
          "version": "3.1.0"
          "revision": "819479d53d34c6d53a5bdaa04798d39a459bb7fa",
          "version": "1.0.0-rc.1.1"
        }
      },
      {
        "package": "routing-kit",
        "repositoryURL": "https://github.com/vapor/routing-kit.git",
        "state": {
          "branch": null,
          "revision": "fa5b5de62bd68bcde9a69933f31319e46c7275fb",
          "version": "1.0.2"
          "revision": "35da702471cbcc308f58d38aa8fea971fa3fb166",
          "version": "4.0.0"
        }
      },
      {
        "package": "sql-kit",
        "repositoryURL": "https://github.com/vapor/sql-kit.git",
        "state": {
          "branch": null,
          "revision": "50eaeb8f52a1ce63f1ff3880e1114dd8757a78a6",
          "version": "2.3.2"
          "revision": "f777df2a355b41b382ddf912e21b07ca30b3d247",
          "version": "3.0.0-rc.2"
        }
      },
      {
        "package": "swift-backtrace",
        "repositoryURL": "https://github.com/swift-server/swift-backtrace.git",
        "state": {
          "branch": null,
          "revision": "314d9cd21165bcf14215e336a23ff8214f40e411",
          "version": "3.2.1"
          "revision": "f2fd8c4845a123419c348e0bc4b3839c414077d5",
          "version": "1.2.0"
        }
      },
      {
        "package": "swift-crypto",
        "repositoryURL": "https://github.com/apple/swift-crypto.git",
        "state": {
          "branch": null,
          "revision": "8da5c5a4e6c5084c296b9f39dc54f00be146e0fa",
          "version": "1.14.2"
          "revision": "d67ac68d09a95443303e9d6e37b34e7ba101d5f1",
          "version": "1.0.1"
        }
      },
      {
        "package": "swift-log",
        "repositoryURL": "https://github.com/apple/swift-log.git",
        "state": {
          "branch": null,
          "revision": "74d7b91ceebc85daf387ebb206003f78813f71aa",
          "version": "1.2.0"
        }
      },
      {
        "package": "swift-metrics",
        "repositoryURL": "https://github.com/apple/swift-metrics.git",
        "state": {
          "branch": null,
          "revision": "708b960b4605abb20bc55d65abf6bad607252200",
          "version": "2.0.0"
        }
      },
      {
        "package": "swift-nio",
        "repositoryURL": "https://github.com/apple/swift-nio.git",
        "state": {
          "branch": null,
          "revision": "e876fb37410e0036b98b5361bb18e6854739572b",
          "version": "2.16.0"
        }
      },
      {
        "package": "swift-nio-extras",
        "repositoryURL": "https://github.com/apple/swift-nio-extras.git",
        "state": {
          "branch": null,
          "revision": "4370aa99c01fc19cc8272b67bf7204b2d2063680",
          "version": "1.5.0"
          "revision": "b4dbfacff47fb8d0f9e0a422d8d37935a9f10570",
          "version": "1.4.0"
        }
      },
      {
        "package": "swift-nio-http2",
        "repositoryURL": "https://github.com/apple/swift-nio-http2.git",
        "state": {
          "branch": null,
          "revision": "20f68fbe7fac006d4d0617ea4edcba033227359e",
          "version": "1.1.0"
          "revision": "82eb3fa0974b838358ee46bc6c5381e5ae5de6b9",
          "version": "1.11.0"
        }
      },
      {
        "package": "swift-nio-ssl",
        "repositoryURL": "https://github.com/apple/swift-nio-ssl.git",
        "state": {
          "branch": null,
          "revision": "ae213938e151964aa691f0e902462fbe06baeeb6",
          "version": "2.7.1"
        }
      },
      {
        "package": "vapor",
        "repositoryURL": "https://github.com/vapor/vapor.git",
        "state": {
          "branch": null,
          "revision": "642f3d4d1f0eafad651c85524d0d1c698b55399f",
          "version": "3.3.3"
          "revision": "d00c85ded785b7c9a68045a4d2a4676625afeb97",
          "version": "4.1.0"
        }
      },
      {
        "package": "websocket-kit",
        "repositoryURL": "https://github.com/vapor/websocket-kit.git",
        "state": {
          "branch": null,
          "revision": "d85e5b6dce4d04065865f77385fc3324f98178f6",
          "version": "1.1.2"
          "revision": "f46778e3f1452cc80a0a6c422cdc52a5d0258795",
          "version": "2.0.0"
        }
      }
    ]
  },
  "version": 1
}
